{
  "version": 4,
  "terraform_version": "1.5.7",
  "serial": 34,
  "lineage": "841c8cf1-b39a-64c1-6e7c-1eb81eca8e11",
  "outputs": {},
  "resources": [
    {
      "mode": "data",
      "type": "zentral_mdm_push_certificate",
      "name": "zentral-cloud",
      "provider": "provider[\"registry.terraform.io/zentralopensource/zentral\"]",
      "instances": [
        {
          "schema_version": 0,
          "attributes": {
            "certificate": "-----BEGIN CERTIFICATE-----\nMIIFdjCCBF6gAwIBAgIIYDo1oYLPJAAwDQYJKoZIhvcNAQELBQAwgYwxQDA+BgNV\nBAMMN0FwcGxlIEFwcGxpY2F0aW9uIEludGVncmF0aW9uIDIgQ2VydGlmaWNhdGlv\nbiBBdXRob3JpdHkxJjAkBgNVBAsMHUFwcGxlIENlcnRpZmljYXRpb24gQXV0aG9y\naXR5MRMwEQYDVQQKDApBcHBsZSBJbmMuMQswCQYDVQQGEwJVUzAeFw0yNDA3MDcw\nOTQ1MDNaFw0yNTA3MDcwOTQ1MDJaMIGPMUwwSgYKCZImiZPyLGQBAQw8Y29tLmFw\ncGxlLm1nbXQuRXh0ZXJuYWwuNjE1OGUxZjAtMDI3Zi00NDk0LWExYmQtODYxYzEw\nNzlmZTVhMTIwMAYDVQQDDClBUFNQOjYxNThlMWYwLTAyN2YtNDQ5NC1hMWJkLTg2\nMWMxMDc5ZmU1YTELMAkGA1UEBhMCVVMwggEiMA0GCSqGSIb3DQEBAQUAA4IBDwAw\nggEKAoIBAQCfN5tYTEVEihL37/9mZh7P7q7t3+G5bPaOyTlRmoWsZGdkEY9aPpO+\n9xBaWDR67jETlsK7adlT/iLAA/NLmOgQJqbA7axuOXQDHqY110vWD0DdQR9dxGGG\nst0iU7jGkKdiU96YQuZGcW/h8UavH3Loq1Get1ClBeZfiRdZ7+/Z7tNWa6BYaT6p\nb+/IdY96EHCMCJGUoqQbCYPA6bETXaas9x4Tju5CmKXwiYC4thr0Ys58S1yAwhVe\nu5mKk5Q/xZiakKP2KgqFPweWumDLli8zCA+FWb8LYrZ8Ek27Yg1YWXGUFdv3ONKY\nFxnOwrwdFO+b00Nc0IaGgDdxQjuX/ngvAgMBAAGjggHVMIIB0TAJBgNVHRMEAjAA\nMB8GA1UdIwQYMBaAFPe+fCFgkds9G3vYOjKBad+ebH+bMIIBHAYDVR0gBIIBEzCC\nAQ8wggELBgkqhkiG92NkBQEwgf0wgcMGCCsGAQUFBwICMIG2DIGzUmVsaWFuY2Ug\nb24gdGhpcyBjZXJ0aWZpY2F0ZSBieSBhbnkgcGFydHkgYXNzdW1lcyBhY2NlcHRh\nbmNlIG9mIHRoZSB0aGVuIGFwcGxpY2FibGUgc3RhbmRhcmQgdGVybXMgYW5kIGNv\nbmRpdGlvbnMgb2YgdXNlLCBjZXJ0aWZpY2F0ZSBwb2xpY3kgYW5kIGNlcnRpZmlj\nYXRpb24gcHJhY3RpY2Ugc3RhdGVtZW50cy4wNQYIKwYBBQUHAgEWKWh0dHA6Ly93\nd3cuYXBwbGUuY29tL2NlcnRpZmljYXRlYXV0aG9yaXR5MBMGA1UdJQQMMAoGCCsG\nAQUFBwMCMDAGA1UdHwQpMCcwJaAjoCGGH2h0dHA6Ly9jcmwuYXBwbGUuY29tL2Fh\naTJjYS5jcmwwHQYDVR0OBBYEFMYYnJ45qkWWfhng2+KTxySlcbnnMAsGA1UdDwQE\nAwIHgDAQBgoqhkiG92NkBgMCBAIFADANBgkqhkiG9w0BAQsFAAOCAQEAWjxEImbr\nf+WGjTFGkxoNDrOZxpdKW0XyIlQpCjiJBMAXGsgR28HsQat8CzzgBzJ04w8CIevD\nkvRtksq6SLFZnEdFkSjsGM1gCgXWSRSLym3N9mUjlhNdIykZ6f4BSWGbBzan8IwL\n/b6GTqfE65KA0MJ5/8oGd38oGvrXo9hEIGA9hrDe1LnU2WZpWnwUkeUiZ1/JYmfh\nv6k47zkc5HEhhe3UQ1GygQ2KwQ8ADyTpDAmcGBuuxOgSF9YHgkfv7KvTAQY1y3/J\nyXKRx9fKvva4k6PJD3o0/3t2I7iOzknMu9+i6H6Fl/bGf1cRgTbCZUHfypyjryjC\nEpC5vc30+ez1Xw==\n-----END CERTIFICATE-----\n",
            "id": 1,
            "name": "Zentral Cloud",
            "provisioning_uid": "Zentral Cloud",
            "topic": "com.apple.mgmt.External.6158e1f0-027f-4494-a1bd-861c1079fe5a"
          },
          "sensitive_attributes": []
        }
      ]
    },
    {
      "mode": "data",
      "type": "zentral_mdm_scep_config",
      "name": "zentral-mdm",
      "provider": "provider[\"registry.terraform.io/zentralopensource/zentral\"]",
      "instances": [
        {
          "schema_version": 0,
          "attributes": {
            "allow_all_apps_access": false,
            "id": 1,
            "key_is_extractable": false,
            "key_size": 2048,
            "key_usage": 1,
            "name": "Zentral MDM",
            "provisioning_uid": "Zentral MDM",
            "url": "https://psumac24-florida.zentral.cloud/public/igw/mdm/scep/"
          },
          "sensitive_attributes": []
        }
      ]
    },
    {
      "mode": "data",
      "type": "zentral_monolith_catalog",
      "name": "production",
      "provider": "provider[\"registry.terraform.io/zentralopensource/zentral\"]",
      "instances": [
        {
          "schema_version": 0,
          "attributes": {
            "id": 1,
            "name": "production",
            "repository_id": 1
          },
          "sensitive_attributes": []
        }
      ]
    },
    {
      "mode": "managed",
      "type": "zentral_mdm_artifact",
      "name": "bootstrap-pkg",
      "provider": "provider[\"registry.terraform.io/zentralopensource/zentral\"]",
      "instances": []
    },
    {
      "mode": "managed",
      "type": "zentral_mdm_blueprint_artifact",
      "name": "bootstrap-pkg",
      "provider": "provider[\"registry.terraform.io/zentralopensource/zentral\"]",
      "instances": []
    },
    {
      "mode": "managed",
      "type": "zentral_mdm_blueprint_artifact",
      "name": "monolith-default-enrollment",
      "provider": "provider[\"registry.terraform.io/zentralopensource/zentral\"]",
      "instances": []
    },
    {
      "mode": "managed",
      "type": "zentral_mdm_blueprint_artifact",
      "name": "osquery-tcc",
      "provider": "provider[\"registry.terraform.io/zentralopensource/zentral\"]",
      "instances": []
    },
    {
      "mode": "managed",
      "type": "zentral_mdm_blueprint_artifact",
      "name": "santa-default-configuration",
      "provider": "provider[\"registry.terraform.io/zentralopensource/zentral\"]",
      "instances": []
    },
    {
      "mode": "managed",
      "type": "zentral_mdm_blueprint_artifact",
      "name": "santa-notificationsettings",
      "provider": "provider[\"registry.terraform.io/zentralopensource/zentral\"]",
      "instances": []
    },
    {
      "mode": "managed",
      "type": "zentral_mdm_blueprint_artifact",
      "name": "santa-system-extension-policy",
      "provider": "provider[\"registry.terraform.io/zentralopensource/zentral\"]",
      "instances": []
    },
    {
      "mode": "managed",
      "type": "zentral_mdm_blueprint_artifact",
      "name": "santa-tcc",
      "provider": "provider[\"registry.terraform.io/zentralopensource/zentral\"]",
      "instances": []
    },
    {
      "mode": "managed",
      "type": "zentral_mdm_blueprint_artifact",
      "name": "servicemanagement",
      "provider": "provider[\"registry.terraform.io/zentralopensource/zentral\"]",
      "instances": []
    },
    {
      "mode": "managed",
      "type": "zentral_mdm_blueprint_artifact",
      "name": "system-logging",
      "provider": "provider[\"registry.terraform.io/zentralopensource/zentral\"]",
      "instances": []
    },
    {
      "mode": "managed",
      "type": "zentral_mdm_enterprise_app",
      "name": "bootstrap-pkg-2024-001",
      "provider": "provider[\"registry.terraform.io/zentralopensource/zentral\"]",
      "instances": []
    },
    {
      "mode": "managed",
      "type": "zentral_mdm_ota_enrollment",
      "name": "default",
      "provider": "provider[\"registry.terraform.io/zentralopensource/zentral\"]",
      "instances": []
    },
    {
      "mode": "managed",
      "type": "zentral_mdm_profile",
      "name": "monolith-default-enrollment-1",
      "provider": "provider[\"registry.terraform.io/zentralopensource/zentral\"]",
      "instances": []
    },
    {
      "mode": "managed",
      "type": "zentral_mdm_profile",
      "name": "osquery-tcc-1",
      "provider": "provider[\"registry.terraform.io/zentralopensource/zentral\"]",
      "instances": []
    },
    {
      "mode": "managed",
      "type": "zentral_mdm_profile",
      "name": "santa-default-configuration-1",
      "provider": "provider[\"registry.terraform.io/zentralopensource/zentral\"]",
      "instances": []
    },
    {
      "mode": "managed",
      "type": "zentral_mdm_profile",
      "name": "santa-notificationsettings-1",
      "provider": "provider[\"registry.terraform.io/zentralopensource/zentral\"]",
      "instances": []
    },
    {
      "mode": "managed",
      "type": "zentral_mdm_profile",
      "name": "santa-system-extension-policy-1",
      "provider": "provider[\"registry.terraform.io/zentralopensource/zentral\"]",
      "instances": []
    },
    {
      "mode": "managed",
      "type": "zentral_mdm_profile",
      "name": "santa-tcc-1",
      "provider": "provider[\"registry.terraform.io/zentralopensource/zentral\"]",
      "instances": []
    },
    {
      "mode": "managed",
      "type": "zentral_mdm_profile",
      "name": "servicemanagement-1",
      "provider": "provider[\"registry.terraform.io/zentralopensource/zentral\"]",
      "instances": []
    },
    {
      "mode": "managed",
      "type": "zentral_mdm_profile",
      "name": "system-logging-1",
      "provider": "provider[\"registry.terraform.io/zentralopensource/zentral\"]",
      "instances": []
    },
    {
      "mode": "managed",
      "type": "zentral_monolith_enrollment",
      "name": "default",
      "provider": "provider[\"registry.terraform.io/zentralopensource/zentral\"]",
      "instances": []
    },
    {
      "mode": "managed",
      "type": "zentral_monolith_manifest",
      "name": "default",
      "provider": "provider[\"registry.terraform.io/zentralopensource/zentral\"]",
      "instances": []
    },
    {
      "mode": "managed",
      "type": "zentral_monolith_manifest_catalog",
      "name": "default-production",
      "provider": "provider[\"registry.terraform.io/zentralopensource/zentral\"]",
      "instances": []
    },
    {
      "mode": "managed",
      "type": "zentral_monolith_manifest_enrollment_package",
      "name": "munki",
      "provider": "provider[\"registry.terraform.io/zentralopensource/zentral\"]",
      "instances": []
    },
    {
      "mode": "managed",
      "type": "zentral_monolith_manifest_enrollment_package",
      "name": "osquery",
      "provider": "provider[\"registry.terraform.io/zentralopensource/zentral\"]",
      "instances": []
    },
    {
      "mode": "managed",
      "type": "zentral_monolith_manifest_sub_manifest",
      "name": "default-agents",
      "provider": "provider[\"registry.terraform.io/zentralopensource/zentral\"]",
      "instances": []
    },
    {
      "mode": "managed",
      "type": "zentral_monolith_sub_manifest",
      "name": "agents",
      "provider": "provider[\"registry.terraform.io/zentralopensource/zentral\"]",
      "instances": [
        {
          "schema_version": 0,
          "attributes": {
            "description": "The required agents for our standard macOS client",
            "id": 4,
            "meta_business_unit_id": null,
            "name": "Required agents"
          },
          "sensitive_attributes": []
        }
      ]
    },
    {
      "mode": "managed",
      "type": "zentral_monolith_sub_manifest_pkg_info",
      "name": "munkitools",
      "provider": "provider[\"registry.terraform.io/zentralopensource/zentral\"]",
      "instances": [
        {
          "schema_version": 0,
          "attributes": {
            "condition_id": null,
            "default_shard": 100,
            "excluded_tag_ids": [],
            "featured_item": false,
            "id": 13,
            "key": "managed_installs",
            "pkg_info_name": "munkitools",
            "shard_modulo": 100,
            "sub_manifest_id": 4,
            "tag_shards": []
          },
          "sensitive_attributes": [],
          "dependencies": [
            "zentral_monolith_sub_manifest.agents"
          ]
        }
      ]
    },
    {
      "mode": "managed",
      "type": "zentral_monolith_sub_manifest_pkg_info",
      "name": "munkitools-app-usage",
      "provider": "provider[\"registry.terraform.io/zentralopensource/zentral\"]",
      "instances": [
        {
          "schema_version": 0,
          "attributes": {
            "condition_id": null,
            "default_shard": 100,
            "excluded_tag_ids": [],
            "featured_item": false,
            "id": 16,
            "key": "managed_installs",
            "pkg_info_name": "munkitools_app_usage",
            "shard_modulo": 100,
            "sub_manifest_id": 4,
            "tag_shards": []
          },
          "sensitive_attributes": [],
          "dependencies": [
            "zentral_monolith_sub_manifest.agents"
          ]
        }
      ]
    },
    {
      "mode": "managed",
      "type": "zentral_monolith_sub_manifest_pkg_info",
      "name": "osquery",
      "provider": "provider[\"registry.terraform.io/zentralopensource/zentral\"]",
      "instances": [
        {
          "schema_version": 0,
          "attributes": {
            "condition_id": null,
            "default_shard": 100,
            "excluded_tag_ids": [],
            "featured_item": false,
            "id": 14,
            "key": "managed_installs",
            "pkg_info_name": "osquery",
            "shard_modulo": 100,
            "sub_manifest_id": 4,
            "tag_shards": []
          },
          "sensitive_attributes": [],
          "dependencies": [
            "zentral_monolith_sub_manifest.agents"
          ]
        }
      ]
    },
    {
      "mode": "managed",
      "type": "zentral_monolith_sub_manifest_pkg_info",
      "name": "santa",
      "provider": "provider[\"registry.terraform.io/zentralopensource/zentral\"]",
      "instances": [
        {
          "schema_version": 0,
          "attributes": {
            "condition_id": null,
            "default_shard": 100,
            "excluded_tag_ids": [],
            "featured_item": false,
            "id": 15,
            "key": "managed_installs",
            "pkg_info_name": "santa",
            "shard_modulo": 100,
            "sub_manifest_id": 4,
            "tag_shards": []
          },
          "sensitive_attributes": [],
          "dependencies": [
            "zentral_monolith_sub_manifest.agents"
          ]
        }
      ]
    },
    {
      "mode": "managed",
      "type": "zentral_munki_enrollment",
      "name": "default",
      "provider": "provider[\"registry.terraform.io/zentralopensource/zentral\"]",
      "instances": []
    },
    {
      "mode": "managed",
      "type": "zentral_osquery_enrollment",
      "name": "default",
      "provider": "provider[\"registry.terraform.io/zentralopensource/zentral\"]",
      "instances": []
    },
    {
      "mode": "managed",
      "type": "zentral_santa_enrollment",
      "name": "default",
      "provider": "provider[\"registry.terraform.io/zentralopensource/zentral\"]",
      "instances": []
    }
  ],
  "check_results": null
}
